# THIS IS AN AUTOGENERATED FILE. DO NOT EDIT THIS FILE DIRECTLY.
# yarn lockfile v1


"@napi-rs/cli@^2.18.0":
  version "2.18.0"
  resolved "https://registry.yarnpkg.com/@napi-rs/cli/-/cli-2.18.0.tgz#3064f142e65c87d14e6ddc38e5425aa29a8871eb"
  integrity sha512-lfSRT7cs3iC4L+kv9suGYQEezn5Nii7Kpu+THsYVI0tA1Vh59LH45p4QADaD7hvIkmOz79eEGtoKQ9nAkAPkzA==
